# This file is autogenerated, do not edit; changes may be undone by the next 'dep ensure'.


[[projects]]
  branch = "master"
  name = "astuart.co/clyde"
  packages = ["."]
  revision = "779c58b27a7b592c77d9bf637793fbb31ca12a4d"

[[projects]]
  branch = "master"
  name = "astuart.co/go-robinhood"
  packages = ["."]
  revision = "9406d03f7a425943f08467b6a82f8f126849c8f2"

[solve-meta]
  analyzer-name = "dep"
  analyzer-version = 1
  inputs-digest = "14f541bbc56d98297745ff23745fd1a0cd014620b042ed25d18d36c00f3b588f"
  solver-name = "gps-cdcl"
  solver-version = 1
